<Solution>
  <Project Path="AngryFoot.ApiService/AngryFoot.ApiService.csproj" />
  <Project Path="AngryFoot.AppHost/AngryFoot.AppHost.csproj" />
  <Project Path="AngryFoot.Contracts/AngryFoot.Contracts.csproj" />
  <Project Path="AngryFoot.ServiceDefaults/AngryFoot.ServiceDefaults.csproj" />
  <Project Path="AngryFoot.Tests/AngryFoot.Tests.csproj" />
  <Project Path="AngryFoot.Web/AngryFoot.Web.csproj" />
</Solution>
